
Microsoft Visual Studio Solution File, Format Version 12.00
# Visual Studio 15
VisualStudioVersion = 15.0.28307.271
MinimumVisualStudioVersion = 10.0.40219.1
Project("{FAE04EC0-301F-11D3-BF4B-00C04F79EFBC}") = "PrimeiroProjeto", "PrimeiroProjeto\PrimeiroProjeto.csproj", "{283B79A9-BE64-4001-B2CF-5ED38164CF09}"
EndProject
Project("{FAE04EC0-301F-11D3-BF4B-00C04F79EFBC}") = "CriandoVariaveis", "CriandoVariaveis\CriandoVariaveis.csproj", "{841FD0E2-A580-4741-B665-547A70136FED}"
EndProject
Project("{FAE04EC0-301F-11D3-BF4B-00C04F79EFBC}") = "CriandoPontoFlutuante", "CriandoPontoFlutuante\CriandoPontoFlutuante.csproj", "{1AB790C9-E8D2-48D0-AABB-3E81D8B2F901}"
EndProject
Project("{FAE04EC0-301F-11D3-BF4B-00C04F79EFBC}") = "ConversaoEOutrosTiposNumericos", "ConversaoEOutrosTiposNumericos\ConversaoEOutrosTiposNumericos.csproj", "{D276688B-77CC-4CA7-ACD9-D596B602EE2C}"
EndProject
Project("{FAE04EC0-301F-11D3-BF4B-00C04F79EFBC}") = "CharEString", "CharEString\CharEString.csproj", "{B6A5CA1A-1351-4A3B-9B71-AA642A676629}"
EndProject
Global
	GlobalSection(SolutionConfigurationPlatforms) = preSolution
		Debug|Any CPU = Debug|Any CPU
		Release|Any CPU = Release|Any CPU
	EndGlobalSection
	GlobalSection(ProjectConfigurationPlatforms) = postSolution
		{283B79A9-BE64-4001-B2CF-5ED38164CF09}.Debug|Any CPU.ActiveCfg = Debug|Any CPU
		{283B79A9-BE64-4001-B2CF-5ED38164CF09}.Debug|Any CPU.Build.0 = Debug|Any CPU
		{283B79A9-BE64-4001-B2CF-5ED38164CF09}.Release|Any CPU.ActiveCfg = Release|Any CPU
		{283B79A9-BE64-4001-B2CF-5ED38164CF09}.Release|Any CPU.Build.0 = Release|Any CPU
		{841FD0E2-A580-4741-B665-547A70136FED}.Debug|Any CPU.ActiveCfg = Debug|Any CPU
		{841FD0E2-A580-4741-B665-547A70136FED}.Debug|Any CPU.Build.0 = Debug|Any CPU
		{841FD0E2-A580-4741-B665-547A70136FED}.Release|Any CPU.ActiveCfg = Release|Any CPU
		{841FD0E2-A580-4741-B665-547A70136FED}.Release|Any CPU.Build.0 = Release|Any CPU
		{1AB790C9-E8D2-48D0-AABB-3E81D8B2F901}.Debug|Any CPU.ActiveCfg = Debug|Any CPU
		{1AB790C9-E8D2-48D0-AABB-3E81D8B2F901}.Debug|Any CPU.Build.0 = Debug|Any CPU
		{1AB790C9-E8D2-48D0-AABB-3E81D8B2F901}.Release|Any CPU.ActiveCfg = Release|Any CPU
		{1AB790C9-E8D2-48D0-AABB-3E81D8B2F901}.Release|Any CPU.Build.0 = Release|Any CPU
		{D276688B-77CC-4CA7-ACD9-D596B602EE2C}.Debug|Any CPU.ActiveCfg = Debug|Any CPU
		{D276688B-77CC-4CA7-ACD9-D596B602EE2C}.Debug|Any CPU.Build.0 = Debug|Any CPU
		{D276688B-77CC-4CA7-ACD9-D596B602EE2C}.Release|Any CPU.ActiveCfg = Release|Any CPU
		{D276688B-77CC-4CA7-ACD9-D596B602EE2C}.Release|Any CPU.Build.0 = Release|Any CPU
		{B6A5CA1A-1351-4A3B-9B71-AA642A676629}.Debug|Any CPU.ActiveCfg = Debug|Any CPU
		{B6A5CA1A-1351-4A3B-9B71-AA642A676629}.Debug|Any CPU.Build.0 = Debug|Any CPU
		{B6A5CA1A-1351-4A3B-9B71-AA642A676629}.Release|Any CPU.ActiveCfg = Release|Any CPU
		{B6A5CA1A-1351-4A3B-9B71-AA642A676629}.Release|Any CPU.Build.0 = Release|Any CPU
	EndGlobalSection
	GlobalSection(SolutionProperties) = preSolution
		HideSolutionNode = FALSE
	EndGlobalSection
	GlobalSection(ExtensibilityGlobals) = postSolution
		SolutionGuid = {79A16C94-D481-4D6D-AC3A-80089DD82E7C}
	EndGlobalSection
EndGlobal
